
Microsoft Visual Studio Solution File, Format Version 12.00
# Visual Studio 15
VisualStudioVersion = 15.0.27703.2035
MinimumVisualStudioVersion = 10.0.40219.1
Project("{9A19103F-16F7-4668-BE54-9A1E7A4F7556}") = "WebApplication1", "WebApplication1\WebApplication1.csproj", "{D332A214-39C5-46BC-B80A-E3B4DBCA23A9}"
EndProject
Global
	GlobalSection(SolutionConfigurationPlatforms) = preSolution
		Debug|Any CPU = Debug|Any CPU
		Release|Any CPU = Release|Any CPU
	EndGlobalSection
	GlobalSection(ProjectConfigurationPlatforms) = postSolution
		{D332A214-39C5-46BC-B80A-E3B4DBCA23A9}.Debug|Any CPU.ActiveCfg = Debug|Any CPU
		{D332A214-39C5-46BC-B80A-E3B4DBCA23A9}.Debug|Any CPU.Build.0 = Debug|Any CPU
		{D332A214-39C5-46BC-B80A-E3B4DBCA23A9}.Release|Any CPU.ActiveCfg = Release|Any CPU
		{D332A214-39C5-46BC-B80A-E3B4DBCA23A9}.Release|Any CPU.Build.0 = Release|Any CPU
	EndGlobalSection
	GlobalSection(SolutionProperties) = preSolution
		HideSolutionNode = FALSE
	EndGlobalSection
	GlobalSection(ExtensibilityGlobals) = postSolution
		SolutionGuid = {C705D767-2072-4720-8046-6893E682D99E}
	EndGlobalSection
EndGlobal
